
Microsoft Visual Studio Solution File, Format Version 12.00
# Visual Studio 15
VisualStudioVersion = 15.0.28307.421
MinimumVisualStudioVersion = 10.0.40219.1
Project("{FAE04EC0-301F-11D3-BF4B-00C04F79EFBC}") = "SameBrightnessSharp", "SameBrightnessSharp\SameBrightnessSharp.csproj", "{1C80F717-9F82-496D-8525-CFECB1A83D66}"
EndProject
Project("{FAE04EC0-301F-11D3-BF4B-00C04F79EFBC}") = "SameBrightnessService", "SameBrightnessService\SameBrightnessService.csproj", "{6A7397BF-C88F-40D3-9AA9-63722E80A968}"
EndProject
Project("{D954291E-2A0B-460D-934E-DC6B0785DB48}") = "BrightnessMon", "BrightnessMon\BrightnessMon.shproj", "{C341AAE5-6036-4C12-A374-705BC902AE7F}"
EndProject
Global
	GlobalSection(SharedMSBuildProjectFiles) = preSolution
		BrightnessMon\BrightnessMon.projitems*{1c80f717-9f82-496d-8525-cfecb1a83d66}*SharedItemsImports = 4
		BrightnessMon\BrightnessMon.projitems*{6a7397bf-c88f-40d3-9aa9-63722e80a968}*SharedItemsImports = 4
		BrightnessMon\BrightnessMon.projitems*{c341aae5-6036-4c12-a374-705bc902ae7f}*SharedItemsImports = 13
	EndGlobalSection
	GlobalSection(SolutionConfigurationPlatforms) = preSolution
		Debug|Any CPU = Debug|Any CPU
		Release|Any CPU = Release|Any CPU
	EndGlobalSection
	GlobalSection(ProjectConfigurationPlatforms) = postSolution
		{1C80F717-9F82-496D-8525-CFECB1A83D66}.Debug|Any CPU.ActiveCfg = Debug|Any CPU
		{1C80F717-9F82-496D-8525-CFECB1A83D66}.Debug|Any CPU.Build.0 = Debug|Any CPU
		{1C80F717-9F82-496D-8525-CFECB1A83D66}.Release|Any CPU.ActiveCfg = Release|Any CPU
		{1C80F717-9F82-496D-8525-CFECB1A83D66}.Release|Any CPU.Build.0 = Release|Any CPU
		{6A7397BF-C88F-40D3-9AA9-63722E80A968}.Debug|Any CPU.ActiveCfg = Debug|Any CPU
		{6A7397BF-C88F-40D3-9AA9-63722E80A968}.Debug|Any CPU.Build.0 = Debug|Any CPU
		{6A7397BF-C88F-40D3-9AA9-63722E80A968}.Release|Any CPU.ActiveCfg = Release|Any CPU
		{6A7397BF-C88F-40D3-9AA9-63722E80A968}.Release|Any CPU.Build.0 = Release|Any CPU
	EndGlobalSection
	GlobalSection(SolutionProperties) = preSolution
		HideSolutionNode = FALSE
	EndGlobalSection
	GlobalSection(ExtensibilityGlobals) = postSolution
		SolutionGuid = {9E7B1D00-8FC4-4036-8B99-55CE91347C99}
	EndGlobalSection
EndGlobal
